{
  "lockfile_version": "1",
  "packages": {
    "git@latest": {
      "last_modified": "2026-08-27T07:16:00Z",
      "resolved": "github:NixOS/nixpkgs/c27cdad491a991b11ed731760aa2ef8db0cb0410#git",
      "source": "devbox-search",
      "version": "2.55.0",
      "systems": {
        "aarch64-darwin": {
          "outputs": [
            {
              "name": "out",
              "path": "/nix/store/yqw09igi72yxpgy3d1b25vbh5l8rx227-git-2.55.0",
              "default": true
            },
            {
              "name": "doc",
              "path": "/nix/store/i8y217wsan9w8l62m7w2a0rrnmviaqqk-git-2.55.0-doc"
            }
          ],
          "store_path": "/nix/store/yqw09igi72yxpgy3d1b25vbh5l8rx227-git-2.55.0"
        },
        "aarch64-linux": {
          "outputs": [
            {
              "name": "out",
              "path": "/nix/store/clxhwm4v3gl0k3hazm0zpx14gz2w0clz-git-2.55.0",
              "default": true
            },
            {
              "name": "debug",
              "path": "/nix/store/1asxbx6r55sylz2ljdzk6404i0w28iri-git-2.55.0-debug"
            },
            {
              "name": "doc",
              "path": "/nix/store/ryn8xbxi2i1d2dharz9r7kb2ymqfgkyw-git-2.55.0-doc"
            }
          ],
          "store_path": "/nix/store/clxhwm4v3gl0k3hazm0zpx14gz2w0clz-git-2.55.0"
        },
        "x86_64-linux": {
          "outputs": [
            {
              "name": "out",
              "path": "/nix/store/8yjpgadavqdwphcd2kw4dfvxmgdp5sb3-git-2.55.0",
              "default": true
            },
            {
              "name": "debug",
              "path": "/nix/store/xf0wk67lvyxg1bkwi2rf6iszxlvj0yxj-git-2.55.0-debug"
            },
            {
              "name": "doc",
              "path": "/nix/store/yvx5ayi3k6gh8xgk9yxc9gpy0jb7f14l-git-2.55.0-doc"
            }
          ],
          "store_path": "/nix/store/8yjpgadavqdwphcd2kw4dfvxmgdp5sb3-git-2.55.0"
        }
      }
    },
    "github:NixOS/nixpkgs/nixpkgs-unstable": {
      "last_modified": "2026-09-02T18:03:51Z",
      "resolved": "github:NixOS/nixpkgs/9387b3fcc0c23c86661636da63faabad4235a0a6?lastModified=1788372231&narHash=sha256-7aqErvrAEz%2F5OcPA5p3M%2BtVOqeYc4oJXkNIPXfCqxAw%3D"
    },
    "gnumake@latest": {
      "last_modified": "2026-08-27T07:16:00Z",
      "resolved": "github:NixOS/nixpkgs/c27cdad491a991b11ed731760aa2ef8db0cb0410#gnumake",
      "source": "devbox-search",
      "version": "4.4.1",
      "systems": {
        "aarch64-darwin": {
          "outputs": [
            {
              "name": "out",
              "path": "/nix/store/vw6ljpyd8nnql72sbf8nx6dgvdvgnwml-gnumake-4.4.1",
              "default": true
            },
            {
              "name": "man",
              "path": "/nix/store/z2xa5yy1xhq30sasnbmwi0l8n84zqwpb-gnumake-4.4.1-man",
              "default": true
            },
            {
              "name": "doc",
              "path": "/nix/store/dfbwcmnw5jvmij32y6ir6xrsgay96q85-gnumake-4.4.1-doc"
            },
            {
              "name": "info",
              "path": "/nix/store/1pg3wc0xxajpirhqjrdnvvndirh49bcw-gnumake-4.4.1-info"
            }
          ],
          "store_path": "/nix/store/vw6ljpyd8nnql72sbf8nx6dgvdvgnwml-gnumake-4.4.1"
        },
        "aarch64-linux": {
          "outputs": [
            {
              "name": "out",
              "path": "/nix/store/clk5g7jn42zc3ydwz2xrv50wjvswh2j7-gnumake-4.4.1",
              "default": true
            },
            {
              "name": "man",
              "path": "/nix/store/aqbbbk5k348k0g1nfv15153rvdmml3dh-gnumake-4.4.1-man",
              "default": true
            },
            {
              "name": "debug",
              "path": "/nix/store/6ay3jj11iqkbab7309vssz67r6mr0c0p-gnumake-4.4.1-debug"
            },
            {
              "name": "doc",
              "path": "/nix/store/r1a35igf2l6b6r02qvpiayfsw3nssi2w-gnumake-4.4.1-doc"
            },
            {
              "name": "info",
              "path": "/nix/store/mvl7q4ww27zhlcbgq4fbn68h3ms76isa-gnumake-4.4.1-info"
            }
          ],
          "store_path": "/nix/store/clk5g7jn42zc3ydwz2xrv50wjvswh2j7-gnumake-4.4.1"
        },
        "x86_64-darwin": {
          "outputs": [
            {
              "name": "out",
              "path": "/nix/store/0bg5b97b9hbhz8907bfcrch1i116xppa-gnumake-4.4.1",
              "default": true
            },
            {
              "name": "man",
              "path": "/nix/store/wb4yn3d7vmi1hr4f8pz38rjvcl7f70ma-gnumake-4.4.1-man",
              "default": true
            },
            {
              "name": "doc",
              "path": "/nix/store/3b9cjf16jx4ncpp3b4k6m8q01nxsrw1n-gnumake-4.4.1-doc"
            },
            {
              "name": "info",
              "path": "/nix/store/rriz5p4q8a6sca7sw3p3js1m5dl09ia8-gnumake-4.4.1-info"
            }
          ],
          "store_path": "/nix/store/0bg5b97b9hbhz8907bfcrch1i116xppa-gnumake-4.4.1"
        },
        "x86_64-linux": {
          "outputs": [
            {
              "name": "out",
              "path": "/nix/store/7ydf0dzbsq7w35bxifci2mslm76pw1qf-gnumake-4.4.1",
              "default": true
            },
            {
              "name": "man",
              "path": "/nix/store/hnx4nm22wyl3qs52d66syyldypfyc88q-gnumake-4.4.1-man",
              "default": true
            },
            {
              "name": "debug",
              "path": "/nix/store/hplrxi8g1pxnr6s17s369vwcy3382q33-gnumake-4.4.1-debug"
            },
            {
              "name": "doc",
              "path": "/nix/store/ajv6150dm72i5w9y0p23mgnghdp5h9m5-gnumake-4.4.1-doc"
            },
            {
              "name": "info",
              "path": "/nix/store/59p81ss2y7c2gc1khjr26z4ygzrmmymz-gnumake-4.4.1-info"
            }
          ],
          "store_path": "/nix/store/7ydf0dzbsq7w35bxifci2mslm76pw1qf-gnumake-4.4.1"
        }
      }
    },
    "go@1.27": {
      "last_modified": "2026-08-27T07:16:00Z",
      "resolved": "github:NixOS/nixpkgs/c27cdad491a991b11ed731760aa2ef8db0cb0410#go_1_27",
      "source": "devbox-search",
      "version": "1.27.0",
      "systems": {
        "aarch64-darwin": {
          "outputs": [
            {
              "name": "out",
              "path": "/nix/store/lz3qw52rpazqga73xgsqlj4qz1lgs4hg-go-1.27.0",
              "default": true
            }
          ],
          "store_path": "/nix/store/lz3qw52rpazqga73xgsqlj4qz1lgs4hg-go-1.27.0"
        },
        "aarch64-linux": {
          "outputs": [
            {
              "name": "out",
              "path": "/nix/store/zqjvg5805xkf6zsd8nrdvgbv58yw2phr-go-1.27.0",
              "default": true
            }
          ],
          "store_path": "/nix/store/zqjvg5805xkf6zsd8nrdvgbv58yw2phr-go-1.27.0"
        },
        "x86_64-linux": {
          "outputs": [
            {
              "name": "out",
              "path": "/nix/store/fibbp1k5gcpaxcin4dzk70yd056rfjhg-go-1.27.0",
              "default": true
            }
          ],
          "store_path": "/nix/store/fibbp1k5gcpaxcin4dzk70yd056rfjhg-go-1.27.0"
        }
      }
    },
    "golangci-lint@latest": {
      "last_modified": "2026-08-27T07:16:00Z",
      "resolved": "github:NixOS/nixpkgs/c27cdad491a991b11ed731760aa2ef8db0cb0410#golangci-lint",
      "source": "devbox-search",
      "version": "2.13.1",
      "systems": {
        "aarch64-darwin": {
          "outputs": [
            {
              "name": "out",
              "path": "/nix/store/vyl94dsc8a2vfpx0h9hs3ls3w9hfcyfa-golangci-lint-2.13.1",
              "default": true
            }
          ],
          "store_path": "/nix/store/vyl94dsc8a2vfpx0h9hs3ls3w9hfcyfa-golangci-lint-2.13.1"
        },
        "aarch64-linux": {
          "outputs": [
            {
              "name": "out",
              "path": "/nix/store/zg1nnbiiaiq65v0h4b22hqlqpqa8ja0j-golangci-lint-2.13.1",
              "default": true
            }
          ],
          "store_path": "/nix/store/zg1nnbiiaiq65v0h4b22hqlqpqa8ja0j-golangci-lint-2.13.1"
        },
        "x86_64-linux": {
          "outputs": [
            {
              "name": "out",
              "path": "/nix/store/sqm80s7p5kx9j4ia19rw3jy41ajx1v73-golangci-lint-2.13.1",
              "default": true
            }
          ],
          "store_path": "/nix/store/sqm80s7p5kx9j4ia19rw3jy41ajx1v73-golangci-lint-2.13.1"
        }
      }
    },
    "gopls@latest": {
      "last_modified": "2026-08-27T07:16:00Z",
      "resolved": "github:NixOS/nixpkgs/c27cdad491a991b11ed731760aa2ef8db0cb0410#gopls",
      "source": "devbox-search",
      "version": "0.23.0",
      "systems": {
        "aarch64-darwin": {
          "outputs": [
            {
              "name": "out",
              "path": "/nix/store/rdj83cx04c687hnqm6hmhh6yccgfsq7m-gopls-0.23.0",
              "default": true
            }
          ],
          "store_path": "/nix/store/rdj83cx04c687hnqm6hmhh6yccgfsq7m-gopls-0.23.0"
        },
        "aarch64-linux": {
          "outputs": [
            {
              "name": "out",
              "path": "/nix/store/lggc2bw3dm0m738q8jbs7dpf1gcchq4d-gopls-0.23.0",
              "default": true
            }
          ],
          "store_path": "/nix/store/lggc2bw3dm0m738q8jbs7dpf1gcchq4d-gopls-0.23.0"
        },
        "x86_64-linux": {
          "outputs": [
            {
              "name": "out",
              "path": "/nix/store/5k1i3qkaaxpp5kj3h4fn7csvn1a5xzg3-gopls-0.23.0",
              "default": true
            }
          ],
          "store_path": "/nix/store/5k1i3qkaaxpp5kj3h4fn7csvn1a5xzg3-gopls-0.23.0"
        }
      }
    },
    "jq@latest": {
      "last_modified": "2026-08-27T07:16:00Z",
      "resolved": "github:NixOS/nixpkgs/c27cdad491a991b11ed731760aa2ef8db0cb0410#jq",
      "source": "devbox-search",
      "version": "1.8.2",
      "systems": {
        "aarch64-darwin": {
          "outputs": [
            {
              "name": "bin",
              "path": "/nix/store/d01nk4ck93bwlzwbnnb1qf1kv4d94a09-jq-1.8.2-bin",
              "default": true
            },
            {
              "name": "man",
              "path": "/nix/store/s1d0597z830wrhza2g5b6i9a4a0jis8a-jq-1.8.2-man",
              "default": true
            },
            {
              "name": "out",
              "path": "/nix/store/bpfcs06n720irpzril2mh6z59ddafhzx-jq-1.8.2"
            },
            {
              "name": "dev",
              "path": "/nix/store/mf170p9ynrn0g7s5i8kw655i1q4dxl6y-jq-1.8.2-dev"
            },
            {
              "name": "doc",
              "path": "/nix/store/bhalwqvdympjhs6gj584d29bga0l8q3s-jq-1.8.2-doc"
            }
          ],
          "store_path": "/nix/store/d01nk4ck93bwlzwbnnb1qf1kv4d94a09-jq-1.8.2-bin"
        },
        "aarch64-linux": {
          "outputs": [
            {
              "name": "bin",
              "path": "/nix/store/hrr6n4qkb2j2rqh7a1jda0yc9gpa8h4d-jq-1.8.2-bin",
              "default": true
            },
            {
              "name": "man",
              "path": "/nix/store/y3rq55wvfwpfy45nmz6yc2vxgcr1zns5-jq-1.8.2-man",
              "default": true
            },
            {
              "name": "dev",
              "path": "/nix/store/xi52wx9sndkrrzp5wy2d8nrw1hysm8hc-jq-1.8.2-dev"
            },
            {
              "name": "doc",
              "path": "/nix/store/frrdd4c55msxdrd3fmyadyry5dwnnysd-jq-1.8.2-doc"
            },
            {
              "name": "out",
              "path": "/nix/store/qjpdggb1lyay7wv5a0p9j9cvj9y3j2a6-jq-1.8.2"
            }
          ],
          "store_path": "/nix/store/hrr6n4qkb2j2rqh7a1jda0yc9gpa8h4d-jq-1.8.2-bin"
        },
        "x86_64-linux": {
          "outputs": [
            {
              "name": "bin",
              "path": "/nix/store/xvd6920kffyyshg7mbw5wvfk6lg9wfkl-jq-1.8.2-bin",
              "default": true
            },
            {
              "name": "man",
              "path": "/nix/store/n36fiv9a8p19bcj6cyjfgmb0l9s55qfn-jq-1.8.2-man",
              "default": true
            },
            {
              "name": "dev",
              "path": "/nix/store/qavm4f7d2wm4s9v1ck90n200y20x95fm-jq-1.8.2-dev"
            },
            {
              "name": "doc",
              "path": "/nix/store/2ga5gcahn4vr0b5fmlinxbz1w2m4qm5g-jq-1.8.2-doc"
            },
            {
              "name": "out",
              "path": "/nix/store/d91mwgs15hv4ajza7jn6axyiwa07ga7m-jq-1.8.2"
            }
          ],
          "store_path": "/nix/store/xvd6920kffyyshg7mbw5wvfk6lg9wfkl-jq-1.8.2-bin"
        }
      }
    },
    "nodejs@22": {
      "last_modified": "2026-08-27T07:16:00Z",
      "plugin_version": "0.0.4",
      "resolved": "github:NixOS/nixpkgs/c27cdad491a991b11ed731760aa2ef8db0cb0410#nodejs_22",
      "source": "devbox-search",
      "version": "22.23.2",
      "systems": {
        "aarch64-darwin": {
          "outputs": [
            {
              "name": "out",
              "path": "/nix/store/6hbiyfa4gzcjr6bnr440nnwznlsaldlc-nodejs-22.23.2",
              "default": true
            }
          ],
          "store_path": "/nix/store/6hbiyfa4gzcjr6bnr440nnwznlsaldlc-nodejs-22.23.2"
        },
        "aarch64-linux": {
          "outputs": [
            {
              "name": "out",
              "path": "/nix/store/v6xnbaql2wc91k13xcfhr60r52ich6bw-nodejs-22.23.2",
              "default": true
            }
          ],
          "store_path": "/nix/store/v6xnbaql2wc91k13xcfhr60r52ich6bw-nodejs-22.23.2"
        },
        "x86_64-linux": {
          "outputs": [
            {
              "name": "out",
              "path": "/nix/store/gf597zf0ysgbngwb92baxgxjd02px6jh-nodejs-22.23.2",
              "default": true
            }
          ],
          "store_path": "/nix/store/gf597zf0ysgbngwb92baxgxjd02px6jh-nodejs-22.23.2"
        }
      }
    },
    "openssl@latest": {
      "last_modified": "2025-12-05T06:24:47Z",
      "resolved": "github:NixOS/nixpkgs/42e29df35be6ef54091d3a3b4e97056ce0a98ce8#openssl",
      "source": "devbox-search",
      "version": "3.6.0",
      "systems": {
        "aarch64-darwin": {
          "outputs": [
            {
              "name": "bin",
              "path": "/nix/store/z9prisxci5h5lsk3rdknd4jzq7k9q13d-openssl-3.6.0-bin",
              "default": true
            },
            {
              "name": "man",
              "path": "/nix/store/ii9mnzr3i92mgk9dkgg65739mavd0j6f-openssl-3.6.0-man",
              "default": true
            },
            {
              "name": "dev",
              "path": "/nix/store/h0qgqik0mk0wn7rmm2kk3grfi1wzly74-openssl-3.6.0-dev"
            },
            {
              "name": "doc",
              "path": "/nix/store/yx3ip21fdaaxpjn5fbir02mqnaw9cm4f-openssl-3.6.0-doc"
            },
            {
              "name": "out",
              "path": "/nix/store/3z54dgks2mz3dhwddj158sdibll8xmq5-openssl-3.6.0"
            }
          ],
          "store_path": "/nix/store/z9prisxci5h5lsk3rdknd4jzq7k9q13d-openssl-3.6.0-bin"
        },
        "aarch64-linux": {
          "outputs": [
            {
              "name": "bin",
              "path": "/nix/store/wb6q44n9kcb5acmaa4rgqsajadx1fhhl-openssl-3.6.0-bin",
              "default": true
            },
            {
              "name": "man",
              "path": "/nix/store/c9n1alb7ypzjvzd47m16fiwfczz23qs3-openssl-3.6.0-man",
              "default": true
            },
            {
              "name": "debug",
              "path": "/nix/store/ci6d4k1sj4bnr892lsrqqmjiihqsk0bl-openssl-3.6.0-debug"
            },
            {
              "name": "dev",
              "path": "/nix/store/pq8b7fb3282g68pmk14mbyi20qn6chid-openssl-3.6.0-dev"
            },
            {
              "name": "doc",
              "path": "/nix/store/vaplp6w56dyz38986bgkf0pbg3r486b2-openssl-3.6.0-doc"
            },
            {
              "name": "out",
              "path": "/nix/store/nj50gkyx813dxvfmsg1q8m330hmf3h86-openssl-3.6.0"
            }
          ],
          "store_path": "/nix/store/wb6q44n9kcb5acmaa4rgqsajadx1fhhl-openssl-3.6.0-bin"
        },
        "x86_64-darwin": {
          "outputs": [
            {
              "name": "bin",
              "path": "/nix/store/m3xwn9n0jypwjgi256idfzs979g30j29-openssl-3.6.0-bin",
              "default": true
            },
            {
              "name": "man",
              "path": "/nix/store/hw43f3y1vl7ydrd4samnwnrwqqwkpisv-openssl-3.6.0-man",
              "default": true
            },
            {
              "name": "dev",
              "path": "/nix/store/dirjrfjk8jgsbdpslgb51cav6qaxn2vm-openssl-3.6.0-dev"
            },
            {
              "name": "doc",
              "path": "/nix/store/va1zhkz0nfmycvd0h239hi4w40qgaxcx-openssl-3.6.0-doc"
            },
            {
              "name": "out",
              "path": "/nix/store/q9a4wssx24xsy28w8kifdqizc01fh7sc-openssl-3.6.0"
            }
          ],
          "store_path": "/nix/store/m3xwn9n0jypwjgi256idfzs979g30j29-openssl-3.6.0-bin"
        },
        "x86_64-linux": {
          "outputs": [
            {
              "name": "bin",
              "path": "/nix/store/k0gl1zc7f5hk87lylxwbipb0b870bcmk-openssl-3.6.0-bin",
              "default": true
            },
            {
              "name": "man",
              "path": "/nix/store/a9jdl6xq9fc98ykpvqmc9kf0b0j9y8wh-openssl-3.6.0-man",
              "default": true
            },
            {
              "name": "debug",
              "path": "/nix/store/sqv8kbdgfxlr2d6nysr8c2715qpsi6f5-openssl-3.6.0-debug"
            },
            {
              "name": "dev",
              "path": "/nix/store/ydrckgnllgg8nmhdwni81h7xhcpnrlhd-openssl-3.6.0-dev"
            },
            {
              "name": "doc",
              "path": "/nix/store/cgp9ig35iwicfb9spcrgyg2m5dmlcgrv-openssl-3.6.0-doc"
            },
            {
              "name": "out",
              "path": "/nix/store/61i74yjkj9p1qphfl7018ja4sdwkipx0-openssl-3.6.0"
            }
          ],
          "store_path": "/nix/store/k0gl1zc7f5hk87lylxwbipb0b870bcmk-openssl-3.6.0-bin"
        }
      }
    },
    "sqlite@latest": {
      "last_modified": "2026-08-29T00:50:12Z",
      "resolved": "github:NixOS/nixpkgs/e8be7818e19ada32105a8af937a6a473b38167ca#sqlite",
      "source": "devbox-search",
      "version": "3.53.3",
      "systems": {
        "aarch64-darwin": {
          "outputs": [
            {
              "name": "bin",
              "path": "/nix/store/7qp9wwbm8d65nxcw9qriw0id5661yn6b-sqlite-3.53.3-bin",
              "default": true
            },
            {
              "name": "man",
              "path": "/nix/store/bvwb02grpjja49mrlwncmj84ma4w3z7v-sqlite-3.53.3-man",
              "default": true
            },
            {
              "name": "out",
              "path": "/nix/store/wdg0np6n79l1kp0s4shc3wcm9vh5snvv-sqlite-3.53.3"
            },
            {
              "name": "dev",
              "path": "/nix/store/im29grm7x9l6phz7j0i2kbwszyjglhs8-sqlite-3.53.3-dev"
            },
            {
              "name": "doc",
              "path": "/nix/store/l5a97hybsfy2n0lkav1vy0fp3yi4vn85-sqlite-3.53.3-doc"
            }
          ],
          "store_path": "/nix/store/7qp9wwbm8d65nxcw9qriw0id5661yn6b-sqlite-3.53.3-bin"
        },
        "aarch64-linux": {
          "outputs": [
            {
              "name": "bin",
              "path": "/nix/store/23991vk4j7h9wqg7d1y5gvlyn9c0cywr-sqlite-3.53.3-bin",
              "default": true
            },
            {
              "name": "man",
              "path": "/nix/store/mff1amhn2ga9qz2izyiz0db7xvnkv8ac-sqlite-3.53.3-man",
              "default": true
            },
            {
              "name": "out",
              "path": "/nix/store/ri059pfp8hr08b8bj4bahw494x5kp60f-sqlite-3.53.3"
            },
            {
              "name": "debug",
              "path": "/nix/store/y7hrp3m2sr0yqf60m54vjf4r5yya6xsz-sqlite-3.53.3-debug"
            },
            {
              "name": "dev",
              "path": "/nix/store/v94a68chmgnm1kpi6kx8m4q1h96r78kg-sqlite-3.53.3-dev"
            },
            {
              "name": "doc",
              "path": "/nix/store/33sg3y5c26qs83r644rbwimls8fdmrp5-sqlite-3.53.3-doc"
            }
          ],
          "store_path": "/nix/store/23991vk4j7h9wqg7d1y5gvlyn9c0cywr-sqlite-3.53.3-bin"
        },
        "x86_64-linux": {
          "outputs": [
            {
              "name": "bin",
              "path": "/nix/store/6slrxch2idk9v1hz54yf8bw8sknpxwhc-sqlite-3.53.3-bin",
              "default": true
            },
            {
              "name": "man",
              "path": "/nix/store/rj4zgv2wcznpkkyzi6ys8rn5dprcjmy9-sqlite-3.53.3-man",
              "default": true
            },
            {
              "name": "dev",
              "path": "/nix/store/538744yaz5y7xyx780wpfw2azby9iqxj-sqlite-3.53.3-dev"
            },
            {
              "name": "doc",
              "path": "/nix/store/6pqjd5c3q3dln6a2kd8586p9mzaq5z5b-sqlite-3.53.3-doc"
            },
            {
              "name": "out",
              "path": "/nix/store/xcv2rrfly0za0kdhzvmc0j2a6074zkib-sqlite-3.53.3"
            },
            {
              "name": "debug",
              "path": "/nix/store/qz597qp8g065crvnpksfqpvnwx7pjjgm-sqlite-3.53.3-debug"
            }
          ],
          "store_path": "/nix/store/6slrxch2idk9v1hz54yf8bw8sknpxwhc-sqlite-3.53.3-bin"
        }
      }
    }
  }
}
